{
	"name": "universal-hex",
	"version": "0.0.1",
	"lockfileVersion": 2,
	"requires": true,
	"packages": {
		"": {
			"version": "0.0.1",
			"dependencies": {
				"@microbit/microbit-universal-hex": "^0.2.2"
			}
		},
		"node_modules/@microbit/microbit-universal-hex": {
			"version": "0.2.2",
			"resolved": "https://registry.npmjs.org/@microbit/microbit-universal-hex/-/microbit-universal-hex-0.2.2.tgz",
			"integrity": "sha512-qyFt8ATgxAyPkNz9Yado4HXEeCctwP/8L1/v2hFLeVUqw/HFqVqV4piJbqRMmyOefMcQ9OyVPhLXjtbKn9063Q==",
			"engines": {
				"node": ">=8.5",
				"npm": ">=6.0",
				"yarn": "^1.0"
			},
			"peerDependencies": {
				"tslib": ">=1.11.1"
			}
		},
		"node_modules/tslib": {
			"version": "2.5.3",
			"resolved": "https://registry.npmjs.org/tslib/-/tslib-2.5.3.tgz",
			"integrity": "sha512-mSxlJJwl3BMEQCUNnxXBU9jP4JBktcEGhURcPR6VQVlnP0FdDEsIaz0C35dXNGLyRfrATNofF0F5p2KPxQgB+w==",
			"peer": true
		}
	},
	"dependencies": {
		"@microbit/microbit-universal-hex": {
			"version": "0.2.2",
			"resolved": "https://registry.npmjs.org/@microbit/microbit-universal-hex/-/microbit-universal-hex-0.2.2.tgz",
			"integrity": "sha512-qyFt8ATgxAyPkNz9Yado4HXEeCctwP/8L1/v2hFLeVUqw/HFqVqV4piJbqRMmyOefMcQ9OyVPhLXjtbKn9063Q==",
			"requires": {}
		},
		"tslib": {
			"version": "2.5.3",
			"resolved": "https://registry.npmjs.org/tslib/-/tslib-2.5.3.tgz",
			"integrity": "sha512-mSxlJJwl3BMEQCUNnxXBU9jP4JBktcEGhURcPR6VQVlnP0FdDEsIaz0C35dXNGLyRfrATNofF0F5p2KPxQgB+w==",
			"peer": true
		}
	}
}
